
Microsoft Visual Studio Solution File, Format Version 12.00
# Visual Studio Version 16
VisualStudioVersion = 16.0.31613.86
MinimumVisualStudioVersion = 10.0.40219.1
Project("{FAE04EC0-301F-11D3-BF4B-00C04F79EFBC}") = "Programmering Förberedande kurs", "Programmering Förberedande kurs.csproj", "{B2E98898-76A3-48B2-8B1A-8697821401C5}"
EndProject
Global
	GlobalSection(SolutionConfigurationPlatforms) = preSolution
		Debug|Any CPU = Debug|Any CPU
		Release|Any CPU = Release|Any CPU
	EndGlobalSection
	GlobalSection(ProjectConfigurationPlatforms) = postSolution
		{B2E98898-76A3-48B2-8B1A-8697821401C5}.Debug|Any CPU.ActiveCfg = Debug|Any CPU
		{B2E98898-76A3-48B2-8B1A-8697821401C5}.Debug|Any CPU.Build.0 = Debug|Any CPU
		{B2E98898-76A3-48B2-8B1A-8697821401C5}.Release|Any CPU.ActiveCfg = Release|Any CPU
		{B2E98898-76A3-48B2-8B1A-8697821401C5}.Release|Any CPU.Build.0 = Release|Any CPU
	EndGlobalSection
	GlobalSection(SolutionProperties) = preSolution
		HideSolutionNode = FALSE
	EndGlobalSection
	GlobalSection(ExtensibilityGlobals) = postSolution
		SolutionGuid = {F8DB9E99-256B-42C3-BC59-951188C2CB51}
	EndGlobalSection
EndGlobal
